
Microsoft Visual Studio Solution File, Format Version 12.00
# Visual Studio Version 17
VisualStudioVersion = 17.7.33913.275
MinimumVisualStudioVersion = 10.0.40219.1
Project("{FAE04EC0-301F-11D3-BF4B-00C04F79EFBC}") = "DropDownMenu", "DropDownMenu\DropDownMenu.csproj", "{890B42BD-CF94-44C9-9E22-AACADF59624A}"
EndProject
Project("{FAE04EC0-301F-11D3-BF4B-00C04F79EFBC}") = "ListBoxDemo", "ListBoxDemo\ListBoxDemo.csproj", "{F884AEFE-D579-42B8-84C7-6A81A6A771CE}"
EndProject
Project("{FAE04EC0-301F-11D3-BF4B-00C04F79EFBC}") = "GridCustomCell", "GridCustomCell\GridCustomCell.csproj", "{B46620C7-38B1-424D-A6EB-4AFCA02B2F7E}"
EndProject
Project("{FAE04EC0-301F-11D3-BF4B-00C04F79EFBC}") = "WpfCanvasPartialRenderDemo11", "CanvasDemo\WpfCanvasPartialRenderDemo11.csproj", "{51F896F8-7236-4344-9048-C05ADDBBB8DB}"
EndProject
Project("{FAE04EC0-301F-11D3-BF4B-00C04F79EFBC}") = "WpfCanvasPartialRenderDemo", "WpfCanvasPartialRenderDemo\WpfCanvasPartialRenderDemo.csproj", "{10CF53FB-DB91-4301-A7CA-8F858A946D1B}"
EndProject
Project("{FAE04EC0-301F-11D3-BF4B-00C04F79EFBC}") = "DispatcherTimerDemo", "DispatcherTimerDemo\DispatcherTimerDemo.csproj", "{6D5DC7CF-C10A-4518-A355-E8DEC1620E16}"
EndProject
Project("{FAE04EC0-301F-11D3-BF4B-00C04F79EFBC}") = "WpfCanvasPartialRenderDemoScrollView", "WpfCanvasPartialRenderDemoScrollView\WpfCanvasPartialRenderDemoScrollView.csproj", "{F8A2DEE6-A259-4562-9600-F04B5864CCFC}"
EndProject
Project("{FAE04EC0-301F-11D3-BF4B-00C04F79EFBC}") = "Follow_The_Pointer", "Follow_The_Pointer\Follow_The_Pointer.csproj", "{8F6328D9-5B1A-4364-801D-5F2E96FBF5B4}"
EndProject
Project("{FAE04EC0-301F-11D3-BF4B-00C04F79EFBC}") = "DynamicGenerateProperties", "DynamicGenerateProperties\DynamicGenerateProperties.csproj", "{3CB1AF43-6703-4D7B-A45E-539762AB033D}"
EndProject
Project("{9A19103F-16F7-4668-BE54-9A1E7A4F7556}") = "StringMatch", "StringMatch\StringMatch.csproj", "{C9594BD5-CB8E-42A2-A837-0ED0C3A9468B}"
EndProject
Project("{FAE04EC0-301F-11D3-BF4B-00C04F79EFBC}") = "CustomListBox", "CustomListBox\CustomListBox.csproj", "{42CE281B-2E6E-44ED-AC6B-4402902F906C}"
EndProject
Project("{2150E333-8FDC-42A3-9474-1A3956D46DE8}") = "grpc", "grpc", "{C6F753AD-3105-4345-9DB7-D8C815D8E425}"
EndProject
Project("{9A19103F-16F7-4668-BE54-9A1E7A4F7556}") = "GrpcClient", "grpc\GrpcClient\GrpcClient.csproj", "{5238D0CF-6FC0-4D19-BABE-DDA6D5970A7B}"
EndProject
Project("{9A19103F-16F7-4668-BE54-9A1E7A4F7556}") = "GrpcServer", "grpc\GrpcServer\GrpcServer.csproj", "{F308B340-8A10-43C7-9886-0879116A6D12}"
EndProject
Project("{9A19103F-16F7-4668-BE54-9A1E7A4F7556}") = "GrpcService", "grpc\GrpcService\GrpcService.csproj", "{CA8B016C-2B2E-4AA5-8F77-47D7F906910F}"
EndProject
Project("{2150E333-8FDC-42A3-9474-1A3956D46DE8}") = "network", "network", "{B4B5B91A-09EA-4E16-B038-7656460F409C}"
EndProject
Project("{2150E333-8FDC-42A3-9474-1A3956D46DE8}") = "websockets", "websockets", "{FFEFBE44-FE3E-4A79-BF9C-17E0AF9ACD85}"
EndProject
Project("{FAE04EC0-301F-11D3-BF4B-00C04F79EFBC}") = "WebSocketsClient", "WebSocketsDemo\WebSocketsClient.csproj", "{FD11D453-B903-4812-9B9B-E53A977142F2}"
EndProject
Project("{FAE04EC0-301F-11D3-BF4B-00C04F79EFBC}") = "MyWebSocketLib", "MyWebSocketLib\MyWebSocketLib.csproj", "{B99AD272-D602-4BCA-A5E3-A17083A3580E}"
EndProject
Project("{FAE04EC0-301F-11D3-BF4B-00C04F79EFBC}") = "WebSocketsServer", "WebSocketsServer\WebSocketsServer.csproj", "{71E051EE-F26D-4EB6-A147-81DF50F4860C}"
EndProject
Global
	GlobalSection(SolutionConfigurationPlatforms) = preSolution
		Debug|Any CPU = Debug|Any CPU
		Release|Any CPU = Release|Any CPU
	EndGlobalSection
	GlobalSection(ProjectConfigurationPlatforms) = postSolution
		{890B42BD-CF94-44C9-9E22-AACADF59624A}.Debug|Any CPU.ActiveCfg = Debug|Any CPU
		{890B42BD-CF94-44C9-9E22-AACADF59624A}.Debug|Any CPU.Build.0 = Debug|Any CPU
		{890B42BD-CF94-44C9-9E22-AACADF59624A}.Release|Any CPU.ActiveCfg = Release|Any CPU
		{890B42BD-CF94-44C9-9E22-AACADF59624A}.Release|Any CPU.Build.0 = Release|Any CPU
		{F884AEFE-D579-42B8-84C7-6A81A6A771CE}.Debug|Any CPU.ActiveCfg = Debug|Any CPU
		{F884AEFE-D579-42B8-84C7-6A81A6A771CE}.Debug|Any CPU.Build.0 = Debug|Any CPU
		{F884AEFE-D579-42B8-84C7-6A81A6A771CE}.Release|Any CPU.ActiveCfg = Release|Any CPU
		{F884AEFE-D579-42B8-84C7-6A81A6A771CE}.Release|Any CPU.Build.0 = Release|Any CPU
		{B46620C7-38B1-424D-A6EB-4AFCA02B2F7E}.Debug|Any CPU.ActiveCfg = Debug|Any CPU
		{B46620C7-38B1-424D-A6EB-4AFCA02B2F7E}.Debug|Any CPU.Build.0 = Debug|Any CPU
		{B46620C7-38B1-424D-A6EB-4AFCA02B2F7E}.Release|Any CPU.ActiveCfg = Release|Any CPU
		{B46620C7-38B1-424D-A6EB-4AFCA02B2F7E}.Release|Any CPU.Build.0 = Release|Any CPU
		{51F896F8-7236-4344-9048-C05ADDBBB8DB}.Debug|Any CPU.ActiveCfg = Debug|Any CPU
		{51F896F8-7236-4344-9048-C05ADDBBB8DB}.Debug|Any CPU.Build.0 = Debug|Any CPU
		{51F896F8-7236-4344-9048-C05ADDBBB8DB}.Release|Any CPU.ActiveCfg = Release|Any CPU
		{51F896F8-7236-4344-9048-C05ADDBBB8DB}.Release|Any CPU.Build.0 = Release|Any CPU
		{10CF53FB-DB91-4301-A7CA-8F858A946D1B}.Debug|Any CPU.ActiveCfg = Debug|Any CPU
		{10CF53FB-DB91-4301-A7CA-8F858A946D1B}.Debug|Any CPU.Build.0 = Debug|Any CPU
		{10CF53FB-DB91-4301-A7CA-8F858A946D1B}.Release|Any CPU.ActiveCfg = Release|Any CPU
		{10CF53FB-DB91-4301-A7CA-8F858A946D1B}.Release|Any CPU.Build.0 = Release|Any CPU
		{6D5DC7CF-C10A-4518-A355-E8DEC1620E16}.Debug|Any CPU.ActiveCfg = Debug|Any CPU
		{6D5DC7CF-C10A-4518-A355-E8DEC1620E16}.Debug|Any CPU.Build.0 = Debug|Any CPU
		{6D5DC7CF-C10A-4518-A355-E8DEC1620E16}.Release|Any CPU.ActiveCfg = Release|Any CPU
		{6D5DC7CF-C10A-4518-A355-E8DEC1620E16}.Release|Any CPU.Build.0 = Release|Any CPU
		{F8A2DEE6-A259-4562-9600-F04B5864CCFC}.Debug|Any CPU.ActiveCfg = Debug|Any CPU
		{F8A2DEE6-A259-4562-9600-F04B5864CCFC}.Debug|Any CPU.Build.0 = Debug|Any CPU
		{F8A2DEE6-A259-4562-9600-F04B5864CCFC}.Release|Any CPU.ActiveCfg = Release|Any CPU
		{F8A2DEE6-A259-4562-9600-F04B5864CCFC}.Release|Any CPU.Build.0 = Release|Any CPU
		{8F6328D9-5B1A-4364-801D-5F2E96FBF5B4}.Debug|Any CPU.ActiveCfg = Debug|Any CPU
		{8F6328D9-5B1A-4364-801D-5F2E96FBF5B4}.Debug|Any CPU.Build.0 = Debug|Any CPU
		{8F6328D9-5B1A-4364-801D-5F2E96FBF5B4}.Release|Any CPU.ActiveCfg = Release|Any CPU
		{8F6328D9-5B1A-4364-801D-5F2E96FBF5B4}.Release|Any CPU.Build.0 = Release|Any CPU
		{3CB1AF43-6703-4D7B-A45E-539762AB033D}.Debug|Any CPU.ActiveCfg = Debug|Any CPU
		{3CB1AF43-6703-4D7B-A45E-539762AB033D}.Debug|Any CPU.Build.0 = Debug|Any CPU
		{3CB1AF43-6703-4D7B-A45E-539762AB033D}.Release|Any CPU.ActiveCfg = Release|Any CPU
		{3CB1AF43-6703-4D7B-A45E-539762AB033D}.Release|Any CPU.Build.0 = Release|Any CPU
		{C9594BD5-CB8E-42A2-A837-0ED0C3A9468B}.Debug|Any CPU.ActiveCfg = Debug|Any CPU
		{C9594BD5-CB8E-42A2-A837-0ED0C3A9468B}.Debug|Any CPU.Build.0 = Debug|Any CPU
		{C9594BD5-CB8E-42A2-A837-0ED0C3A9468B}.Release|Any CPU.ActiveCfg = Release|Any CPU
		{C9594BD5-CB8E-42A2-A837-0ED0C3A9468B}.Release|Any CPU.Build.0 = Release|Any CPU
		{42CE281B-2E6E-44ED-AC6B-4402902F906C}.Debug|Any CPU.ActiveCfg = Debug|Any CPU
		{42CE281B-2E6E-44ED-AC6B-4402902F906C}.Debug|Any CPU.Build.0 = Debug|Any CPU
		{42CE281B-2E6E-44ED-AC6B-4402902F906C}.Release|Any CPU.ActiveCfg = Release|Any CPU
		{42CE281B-2E6E-44ED-AC6B-4402902F906C}.Release|Any CPU.Build.0 = Release|Any CPU
		{5238D0CF-6FC0-4D19-BABE-DDA6D5970A7B}.Debug|Any CPU.ActiveCfg = Debug|Any CPU
		{5238D0CF-6FC0-4D19-BABE-DDA6D5970A7B}.Debug|Any CPU.Build.0 = Debug|Any CPU
		{5238D0CF-6FC0-4D19-BABE-DDA6D5970A7B}.Release|Any CPU.ActiveCfg = Release|Any CPU
		{5238D0CF-6FC0-4D19-BABE-DDA6D5970A7B}.Release|Any CPU.Build.0 = Release|Any CPU
		{F308B340-8A10-43C7-9886-0879116A6D12}.Debug|Any CPU.ActiveCfg = Debug|Any CPU
		{F308B340-8A10-43C7-9886-0879116A6D12}.Debug|Any CPU.Build.0 = Debug|Any CPU
		{F308B340-8A10-43C7-9886-0879116A6D12}.Release|Any CPU.ActiveCfg = Release|Any CPU
		{F308B340-8A10-43C7-9886-0879116A6D12}.Release|Any CPU.Build.0 = Release|Any CPU
		{CA8B016C-2B2E-4AA5-8F77-47D7F906910F}.Debug|Any CPU.ActiveCfg = Debug|Any CPU
		{CA8B016C-2B2E-4AA5-8F77-47D7F906910F}.Debug|Any CPU.Build.0 = Debug|Any CPU
		{CA8B016C-2B2E-4AA5-8F77-47D7F906910F}.Release|Any CPU.ActiveCfg = Release|Any CPU
		{CA8B016C-2B2E-4AA5-8F77-47D7F906910F}.Release|Any CPU.Build.0 = Release|Any CPU
		{FD11D453-B903-4812-9B9B-E53A977142F2}.Debug|Any CPU.ActiveCfg = Debug|Any CPU
		{FD11D453-B903-4812-9B9B-E53A977142F2}.Debug|Any CPU.Build.0 = Debug|Any CPU
		{FD11D453-B903-4812-9B9B-E53A977142F2}.Release|Any CPU.ActiveCfg = Release|Any CPU
		{FD11D453-B903-4812-9B9B-E53A977142F2}.Release|Any CPU.Build.0 = Release|Any CPU
		{B99AD272-D602-4BCA-A5E3-A17083A3580E}.Debug|Any CPU.ActiveCfg = Debug|Any CPU
		{B99AD272-D602-4BCA-A5E3-A17083A3580E}.Debug|Any CPU.Build.0 = Debug|Any CPU
		{B99AD272-D602-4BCA-A5E3-A17083A3580E}.Release|Any CPU.ActiveCfg = Release|Any CPU
		{B99AD272-D602-4BCA-A5E3-A17083A3580E}.Release|Any CPU.Build.0 = Release|Any CPU
		{71E051EE-F26D-4EB6-A147-81DF50F4860C}.Debug|Any CPU.ActiveCfg = Debug|Any CPU
		{71E051EE-F26D-4EB6-A147-81DF50F4860C}.Debug|Any CPU.Build.0 = Debug|Any CPU
		{71E051EE-F26D-4EB6-A147-81DF50F4860C}.Release|Any CPU.ActiveCfg = Release|Any CPU
		{71E051EE-F26D-4EB6-A147-81DF50F4860C}.Release|Any CPU.Build.0 = Release|Any CPU
	EndGlobalSection
	GlobalSection(SolutionProperties) = preSolution
		HideSolutionNode = FALSE
	EndGlobalSection
	GlobalSection(NestedProjects) = preSolution
		{5238D0CF-6FC0-4D19-BABE-DDA6D5970A7B} = {C6F753AD-3105-4345-9DB7-D8C815D8E425}
		{F308B340-8A10-43C7-9886-0879116A6D12} = {C6F753AD-3105-4345-9DB7-D8C815D8E425}
		{CA8B016C-2B2E-4AA5-8F77-47D7F906910F} = {C6F753AD-3105-4345-9DB7-D8C815D8E425}
		{FFEFBE44-FE3E-4A79-BF9C-17E0AF9ACD85} = {B4B5B91A-09EA-4E16-B038-7656460F409C}
		{FD11D453-B903-4812-9B9B-E53A977142F2} = {FFEFBE44-FE3E-4A79-BF9C-17E0AF9ACD85}
		{B99AD272-D602-4BCA-A5E3-A17083A3580E} = {FFEFBE44-FE3E-4A79-BF9C-17E0AF9ACD85}
		{71E051EE-F26D-4EB6-A147-81DF50F4860C} = {FFEFBE44-FE3E-4A79-BF9C-17E0AF9ACD85}
	EndGlobalSection
	GlobalSection(ExtensibilityGlobals) = postSolution
		SolutionGuid = {20E82941-A67D-4142-83AB-ADB1BF685819}
	EndGlobalSection
EndGlobal
